# THIS IS AN AUTOGENERATED FILE. DO NOT EDIT THIS FILE DIRECTLY.
# yarn lockfile v1


"@nodelib/fs.scandir@2.1.5":
  version "2.1.5"
  resolved "https://artifacts.chemaxon.com:443/artifactory/api/npm/npm-release/@nodelib/fs.scandir/-/fs.scandir-2.1.5.tgz#7619c2eb21b25483f6d167548b4cfd5a7488c3d5"
  integrity sha512-vq24Bq3ym5HEQm2NKCr3yXDwjc7vTsEThRDnkp2DK9p1uqLR+DHurm/NOTo0KG7HYHU7eppKZj3MyqYuMBf62g==
  dependencies:
    "@nodelib/fs.stat" "2.0.5"
    run-parallel "^1.1.9"

"@nodelib/fs.stat@2.0.5", "@nodelib/fs.stat@^2.0.2":
  version "2.0.5"
  resolved "https://artifacts.chemaxon.com:443/artifactory/api/npm/npm-release/@nodelib/fs.stat/-/fs.stat-2.0.5.tgz#5bd262af94e9d25bd1e71b05deed44876a222e8b"
  integrity sha512-RkhPPp2zrqDAQA/2jNhnztcPAlv64XdhIp7a7454A5ovI7Bukxgt7MX7udwAu3zg1DcpPU0rz3VV1SeaqvY4+A==

"@nodelib/fs.walk@^1.2.3":
  version "1.2.8"
  resolved "https://artifacts.chemaxon.com:443/artifactory/api/npm/npm-release/@nodelib/fs.walk/-/fs.walk-1.2.8.tgz#e95737e8bb6746ddedf69c556953494f196fe69a"
  integrity sha512-oGB+UxlgWcgQkgwo8GcEGwemoTFt3FIO9ababBmaGwXIoBKZ+GTy0pP185beGg7Llih/NSHSV2XAs1lnznocSg==
  dependencies:
    "@nodelib/fs.scandir" "2.1.5"
    fastq "^1.6.0"

"@swc/cli@^0.1.57":
  version "0.1.57"
  resolved "https://artifacts.chemaxon.com:443/artifactory/api/npm/npm-release/@swc/cli/-/cli-0.1.57.tgz#a9c424de5a217ec20a4b7c2c0e5c343980537e83"
  integrity sha512-HxM8TqYHhAg+zp7+RdTU69bnkl4MWdt1ygyp6BDIPjTiaJVH6Dizn2ezbgDS8mnFZI1FyhKvxU/bbaUs8XhzQg==
  dependencies:
    commander "^7.1.0"
    fast-glob "^3.2.5"
    slash "3.0.0"
    source-map "^0.7.3"

"@swc/core-android-arm-eabi@1.2.199":
  version "1.2.199"
  resolved "https://artifacts.chemaxon.com:443/artifactory/api/npm/npm-release/@swc/core-android-arm-eabi/-/core-android-arm-eabi-1.2.199.tgz#949b6c886c0014760ba9002b908548de2f172789"
  integrity sha512-g371Vp4c0oC4wpk8AVtXSOq8V/39dBBB/bjJ2GStN42NOO0bJWA6bssT8Gd+wxHSnWnboVwMvZTXqxqfSofsGA==

"@swc/core-android-arm64@1.2.199":
  version "1.2.199"
  resolved "https://artifacts.chemaxon.com:443/artifactory/api/npm/npm-release/@swc/core-android-arm64/-/core-android-arm64-1.2.199.tgz#5d8457a475167c979991366bbffeefc9ea29708d"
  integrity sha512-dUu1BSFN3fJMDaLu4G+DzWFp5ac9QwORRyFQF+byZUxb2NsJh2ZNtKMO1xQZ2lIN0wZn+2KZRRfgM0lpT2m3/Q==

"@swc/core-darwin-arm64@1.2.199":
  version "1.2.199"
  resolved "https://artifacts.chemaxon.com:443/artifactory/api/npm/npm-release/@swc/core-darwin-arm64/-/core-darwin-arm64-1.2.199.tgz#51a7b1615fc30a8dbaffad82e0ba1cab5ba6ed04"
  integrity sha512-EIQrO+QvaoXY0/qiCjDvHxELnuAb2yDUalNFQOrNiUJ+9U6jSPvFAoN4a9cJTOmk26fmN5arju1MBoycpVBjyA==

"@swc/core-darwin-x64@1.2.199":
  version "1.2.199"
  resolved "https://artifacts.chemaxon.com:443/artifactory/api/npm/npm-release/@swc/core-darwin-x64/-/core-darwin-x64-1.2.199.tgz#b3840a0556c0df31095405c4ac865644785dd9c8"
  integrity sha512-sNDqBFjSqbJF7JIg+0J1KYsOaO2/93WGU/nEdMl8XisXu8jwi0jn5iwxwWGOV7ZNsWcB6ZaNcEhtSMkRocxwzA==

"@swc/core-freebsd-x64@1.2.199":
  version "1.2.199"
  resolved "https://artifacts.chemaxon.com:443/artifactory/api/npm/npm-release/@swc/core-freebsd-x64/-/core-freebsd-x64-1.2.199.tgz#bf930f71ae5375e12c465d15b32e763b42c4794d"
  integrity sha512-2PS4FlauO/8c4ESB/J1Dwy0Qb56ytfbQgtiJC/BiH/Qdxih0MmBG5fKF6K75e1op51RgK8qyLrKYz2g+fZ7KzQ==

"@swc/core-linux-arm-gnueabihf@1.2.199":
  version "1.2.199"
  resolved "https://artifacts.chemaxon.com:443/artifactory/api/npm/npm-release/@swc/core-linux-arm-gnueabihf/-/core-linux-arm-gnueabihf-1.2.199.tgz#a300271b8d8e0ee646917735ab4873577278b307"
  integrity sha512-dPYPIZMvtYTzzesw3XckbOTkjDgSdPLDItzWh51yx0q1nz2Vzz1d4txFtLiExIW7J9gz2190/IXqxjhZJvESGw==

"@swc/core-linux-arm64-gnu@1.2.199":
  version "1.2.199"
  resolved "https://artifacts.chemaxon.com:443/artifactory/api/npm/npm-release/@swc/core-linux-arm64-gnu/-/core-linux-arm64-gnu-1.2.199.tgz#3928af34b50db8ebcb9a9eb761d56b40f360f4f2"
  integrity sha512-wOlecCRPP09RhqJEfyFFuwvJDeNdSAlKp3YzTTWvpfH8wMeVSBlEOiHrLSfNCXRsHoqJZAGdk/4McjIISQgqmw==

"@swc/core-linux-arm64-musl@1.2.199":
  version "1.2.199"
  resolved "https://artifacts.chemaxon.com:443/artifactory/api/npm/npm-release/@swc/core-linux-arm64-musl/-/core-linux-arm64-musl-1.2.199.tgz#f45ab10c17760dc1012ce45ba89161f183a3518f"
  integrity sha512-B7hJ9Yw0oBXIoKb0NzrG9hp15rYFZ6E8nmKbK40WgXh7vj/cCw4ILQYB6Vw5YBDpgdg+gs20JeiO9ehw1SLU6Q==

"@swc/core-linux-x64-gnu@1.2.199":
  version "1.2.199"
  resolved "https://artifacts.chemaxon.com:443/artifactory/api/npm/npm-release/@swc/core-linux-x64-gnu/-/core-linux-x64-gnu-1.2.199.tgz#96e8580b7667bfdf0b851fe2877c6ca0c704cb4a"
  integrity sha512-7K9ZjGj+0FWHYes1QI3d7XhCzolm/W2E/WHuAL/nZuTHQ0/VRTCjdgA6ilJozUBDjj1xKmJp3rdWwNzveRDilQ==

"@swc/core-linux-x64-musl@1.2.199":
  version "1.2.199"
  resolved "https://artifacts.chemaxon.com:443/artifactory/api/npm/npm-release/@swc/core-linux-x64-musl/-/core-linux-x64-musl-1.2.199.tgz#bcdbb09c9f46ff330dee22bce3ce06608367ff85"
  integrity sha512-VP6VN5ZwwMMug0fd8yOX6AWkgkXpZWXzd5eOv4CHI+7L7OBd+uYE3VK22XMzrgWOhIN2EagOMIPvOONXeTBDRw==

"@swc/core-win32-arm64-msvc@1.2.199":
  version "1.2.199"
  resolved "https://artifacts.chemaxon.com:443/artifactory/api/npm/npm-release/@swc/core-win32-arm64-msvc/-/core-win32-arm64-msvc-1.2.199.tgz#612647bcec7e87d1343a011c44e75fced8c986e8"
  integrity sha512-ACXzDkYnrJQbU5Ll+vkwMxV/shpiw2pAT5Br5FGsoGo0QVGjEJWa6EVPsvZDMhu0c0IzbFKJgvqqOQKC6cAcDw==

"@swc/core-win32-ia32-msvc@1.2.199":
  version "1.2.199"
  resolved "https://artifacts.chemaxon.com:443/artifactory/api/npm/npm-release/@swc/core-win32-ia32-msvc/-/core-win32-ia32-msvc-1.2.199.tgz#4a44fe33569f2ac63f9e532a17958d8f7db824ef"
  integrity sha512-nWeWoHGs+0WQ95INw7VjQyA9BpuL+2o55RSrJgH6Jktun/c6gStCVDjJimvf/lQY1ILLZEUipyT2C6BuzsmHmQ==

"@swc/core-win32-x64-msvc@1.2.199":
  version "1.2.199"
  resolved "https://artifacts.chemaxon.com:443/artifactory/api/npm/npm-release/@swc/core-win32-x64-msvc/-/core-win32-x64-msvc-1.2.199.tgz#dc24828344e9f172e9285df0b6354a7762c1dda9"
  integrity sha512-PCd5Zau6uL++vYqxpYR1anYJcHG81nFJsTfZ6fYwhRARcYyPExNENKJbJgSycaBrPcylApCtUR8wVWWWp35cPQ==

"@swc/core@^1.2.198":
  version "1.2.198"
  resolved "https://artifacts.chemaxon.com:443/artifactory/api/npm/npm-release/@swc/core/-/core-1.2.198.tgz#d842ca29f53a6368b8fdb9564f491c58a4602ed5"
  integrity sha512-QQ2U6MXpFK134YwZsRiMKbH6BVBBwV4cVJ5NyRbfHSeV6lSrzSTogx/pHwVZzPg8dhwL0P+wAMxGJj0jMjUHbQ==
  optionalDependencies:
    "@swc/core-android-arm-eabi" "1.2.199"
    "@swc/core-android-arm64" "1.2.199"
    "@swc/core-darwin-arm64" "1.2.199"
    "@swc/core-darwin-x64" "1.2.199"
    "@swc/core-freebsd-x64" "1.2.199"
    "@swc/core-linux-arm-gnueabihf" "1.2.199"
    "@swc/core-linux-arm64-gnu" "1.2.199"
    "@swc/core-linux-arm64-musl" "1.2.199"
    "@swc/core-linux-x64-gnu" "1.2.199"
    "@swc/core-linux-x64-musl" "1.2.199"
    "@swc/core-win32-arm64-msvc" "1.2.199"
    "@swc/core-win32-ia32-msvc" "1.2.199"
    "@swc/core-win32-x64-msvc" "1.2.199"

"@types/angular@^1.6.39", "@types/angular@^1.8.4":
  version "1.8.4"
  resolved "https://artifacts.chemaxon.com:443/artifactory/api/npm/npm-release/@types/angular/-/angular-1.8.4.tgz#a2cc163e508389c51d4c4119ebff6b9395cec472"
  integrity sha512-wPS/ncJWhyxJsndsW1B6Ta8D4mi97x1yItSu+rkLDytU3oRIh2CFAjMuJceYwFAh9+DIohndWM0QBA9OU2Hv0g==

"@types/lodash@^4.14.85":
  version "4.14.182"
  resolved "https://artifacts.chemaxon.com:443/artifactory/api/npm/npm-release/@types/lodash/-/lodash-4.14.182.tgz#05301a4d5e62963227eaafe0ce04dd77c54ea5c2"
  integrity sha512-/THyiqyQAP9AfARo4pF+aCGcyiQ94tX/Is2I7HofNRqoYLgN1PBoOWu2/zTA5zMxzP5EFutMtWtGAFRKUe961Q==

"@types/prop-types@*":
  version "15.7.5"
  resolved "https://artifacts.chemaxon.com:443/artifactory/api/npm/npm-release/@types/prop-types/-/prop-types-15.7.5.tgz#5f19d2b85a98e9558036f6a3cacc8819420f05cf"
  integrity sha512-JCB8C6SnDoQf0cNycqd/35A7MjcnK+ZTqE7judS6o7utxUCg6imJg3QK2qzHKszlTjcj2cn+NwMB2i96ubpj7w==

"@types/react-dom@^18.0.5":
  version "18.0.5"
  resolved "https://artifacts.chemaxon.com:443/artifactory/api/npm/npm-release/@types/react-dom/-/react-dom-18.0.5.tgz#330b2d472c22f796e5531446939eacef8378444a"
  integrity sha512-OWPWTUrY/NIrjsAPkAk1wW9LZeIjSvkXRhclsFO8CZcZGCOg2G0YZy4ft+rOyYxy8B7ui5iZzi9OkDebZ7/QSA==
  dependencies:
    "@types/react" "*"

"@types/react@*", "@types/react@^18.0.12":
  version "18.0.12"
  resolved "https://artifacts.chemaxon.com:443/artifactory/api/npm/npm-release/@types/react/-/react-18.0.12.tgz#cdaa209d0a542b3fcf69cf31a03976ec4cdd8840"
  integrity sha512-duF1OTASSBQtcigUvhuiTB1Ya3OvSy+xORCiEf20H0P0lzx+/KeVsA99U5UjLXSbyo1DRJDlLKqTeM1ngosqtg==
  dependencies:
    "@types/prop-types" "*"
    "@types/scheduler" "*"
    csstype "^3.0.2"

"@types/scheduler@*":
  version "0.16.2"
  resolved "https://artifacts.chemaxon.com:443/artifactory/api/npm/npm-release/@types/scheduler/-/scheduler-0.16.2.tgz#1a62f89525723dde24ba1b01b092bf5df8ad4d39"
  integrity sha512-hppQEBDmlwhFAXKJX2KnWLYu5yMfi91yazPb2l+lbJiwW+wdo1gNeRA+3RgNSO39WYX2euey41KEwnqesU2Jew==

angular@>=1.5.0, angular@^1.8.3:
  version "1.8.3"
  resolved "https://artifacts.chemaxon.com:443/artifactory/api/npm/npm-release/angular/-/angular-1.8.3.tgz#851ad75d5163c105a7e329555ef70c90aa706894"
  integrity sha512-5qjkWIQQVsHj4Sb5TcEs4WZWpFeVFHXwxEBHUhrny41D8UrBAd6T/6nPPAsLngJCReIOqi95W3mxdveveutpZw==

braces@^3.0.2:
  version "3.0.2"
  resolved "https://artifacts.chemaxon.com:443/artifactory/api/npm/npm-release/braces/-/braces-3.0.2.tgz#3454e1a462ee8d599e236df336cd9ea4f8afe107"
  integrity sha512-b8um+L1RzM3WDSzvhm6gIz1yfTbBt6YTlcEKAvsmqCZZFw46z626lVj9j1yEPW33H5H+lBQpZMP1k8l+78Ha0A==
  dependencies:
    fill-range "^7.0.1"

commander@^7.1.0:
  version "7.2.0"
  resolved "https://artifacts.chemaxon.com:443/artifactory/api/npm/npm-release/commander/-/commander-7.2.0.tgz#a36cb57d0b501ce108e4d20559a150a391d97ab7"
  integrity sha512-QrWXB+ZQSVPmIWIhtEO9H+gwHaMGYiF5ChvoJ+K9ZGHG/sVsa6yiesAD1GC/x46sET00Xlwo1u49RVVVzvcSkw==

csstype@^3.0.2:
  version "3.1.0"
  resolved "https://artifacts.chemaxon.com:443/artifactory/api/npm/npm-release/csstype/-/csstype-3.1.0.tgz#4ddcac3718d787cf9df0d1b7d15033925c8f29f2"
  integrity sha512-uX1KG+x9h5hIJsaKR9xHUeUraxf8IODOwq9JLNPq6BwB04a/xgpq3rcx47l5BZu5zBPlgD342tdke3Hom/nJRA==

fast-glob@^3.2.5:
  version "3.2.11"
  resolved "https://artifacts.chemaxon.com:443/artifactory/api/npm/npm-release/fast-glob/-/fast-glob-3.2.11.tgz#a1172ad95ceb8a16e20caa5c5e56480e5129c1d9"
  integrity sha512-xrO3+1bxSo3ZVHAnqzyuewYT6aMFHRAd4Kcs92MAonjwQZLsK9d0SF1IyQ3k5PoirxTW0Oe/RqFgMQ6TcNE5Ew==
  dependencies:
    "@nodelib/fs.stat" "^2.0.2"
    "@nodelib/fs.walk" "^1.2.3"
    glob-parent "^5.1.2"
    merge2 "^1.3.0"
    micromatch "^4.0.4"

fastq@^1.6.0:
  version "1.13.0"
  resolved "https://artifacts.chemaxon.com:443/artifactory/api/npm/npm-release/fastq/-/fastq-1.13.0.tgz#616760f88a7526bdfc596b7cab8c18938c36b98c"
  integrity sha512-YpkpUnK8od0o1hmeSc7UUs/eB/vIPWJYjKck2QKIzAf71Vm1AAQ3EbuZB3g2JIy+pg+ERD0vqI79KyZiB2e2Nw==
  dependencies:
    reusify "^1.0.4"

fill-range@^7.0.1:
  version "7.0.1"
  resolved "https://artifacts.chemaxon.com:443/artifactory/api/npm/npm-release/fill-range/-/fill-range-7.0.1.tgz#1919a6a7c75fe38b2c7c77e5198535da9acdda40"
  integrity sha512-qOo9F+dMUmC2Lcb4BbVvnKJxTPjCm+RRpe4gDuGrzkL7mEVl/djYSu2OdQ2Pa302N4oqkSg9ir6jaLWJ2USVpQ==
  dependencies:
    to-regex-range "^5.0.1"

glob-parent@^5.1.2:
  version "5.1.2"
  resolved "https://artifacts.chemaxon.com:443/artifactory/api/npm/npm-release/glob-parent/-/glob-parent-5.1.2.tgz#869832c58034fe68a4093c17dc15e8340d8401c4"
  integrity sha512-AOIgSQCepiJYwP3ARnGx+5VnTu2HBYdzbGP45eLw1vr3zB3vZLeyed1sC9hnbcOc9/SrMyM5RPQrkGz4aS9Zow==
  dependencies:
    is-glob "^4.0.1"

is-extglob@^2.1.1:
  version "2.1.1"
  resolved "https://artifacts.chemaxon.com:443/artifactory/api/npm/npm-release/is-extglob/-/is-extglob-2.1.1.tgz#a88c02535791f02ed37c76a1b9ea9773c833f8c2"
  integrity sha512-SbKbANkN603Vi4jEZv49LeVJMn4yGwsbzZworEoyEiutsN3nJYdbO36zfhGJ6QEDpOZIFkDtnq5JRxmvl3jsoQ==

is-glob@^4.0.1:
  version "4.0.3"
  resolved "https://artifacts.chemaxon.com:443/artifactory/api/npm/npm-release/is-glob/-/is-glob-4.0.3.tgz#64f61e42cbbb2eec2071a9dac0b28ba1e65d5084"
  integrity sha512-xelSayHH36ZgE7ZWhli7pW34hNbNl8Ojv5KVmkJD4hBdD3th8Tfk9vYasLM+mXWOZhFkgZfxhLSnrwRr4elSSg==
  dependencies:
    is-extglob "^2.1.1"

is-number@^7.0.0:
  version "7.0.0"
  resolved "https://artifacts.chemaxon.com:443/artifactory/api/npm/npm-release/is-number/-/is-number-7.0.0.tgz#7535345b896734d5f80c4d06c50955527a14f12b"
  integrity sha512-41Cifkg6e8TylSpdtTpeLVMqvSBEVzTttHvERD741+pnZ8ANv0004MRL43QKPDlK9cGvNp6NZWZUBlbGXYxxng==

"js-tokens@^3.0.0 || ^4.0.0":
  version "4.0.0"
  resolved "https://artifacts.chemaxon.com:443/artifactory/api/npm/npm-release/js-tokens/-/js-tokens-4.0.0.tgz#19203fb59991df98e3a287050d4647cdeaf32499"
  integrity sha512-RdJUflcE3cUzKiMqQgsCu06FPu9UdIJO0beYbPhHN4k6apgJtifcoCtT9bcxOpYBtpD2kCM6Sbzg4CausW/PKQ==

lodash@^4.17.4:
  version "4.17.21"
  resolved "https://artifacts.chemaxon.com:443/artifactory/api/npm/npm-release/lodash/-/lodash-4.17.21.tgz#679591c564c3bffaae8454cf0b3df370c3d6911c"
  integrity sha512-v2kDEe57lecTulaDIuNTPy3Ry4gLGJ6Z1O3vE1krgXZNrsQ+LFTGHVxVjcXPs17LhbZVGedAJv8XZ1tvj5FvSg==

loose-envify@^1.1.0:
  version "1.4.0"
  resolved "https://artifacts.chemaxon.com:443/artifactory/api/npm/npm-release/loose-envify/-/loose-envify-1.4.0.tgz#71ee51fa7be4caec1a63839f7e682d8132d30caf"
  integrity sha512-lyuxPGr/Wfhrlem2CL/UcnUc1zcqKAImBDzukY7Y5F/yQiNdko6+fRLevlw1HgMySw7f611UIY408EtxRSoK3Q==
  dependencies:
    js-tokens "^3.0.0 || ^4.0.0"

merge2@^1.3.0:
  version "1.4.1"
  resolved "https://artifacts.chemaxon.com:443/artifactory/api/npm/npm-release/merge2/-/merge2-1.4.1.tgz#4368892f885e907455a6fd7dc55c0c9d404990ae"
  integrity sha512-8q7VEgMJW4J8tcfVPy8g09NcQwZdbwFEqhe/WZkoIzjn/3TGDwtOCYtXGxA3O8tPzpczCCDgv+P2P5y00ZJOOg==

micromatch@^4.0.4:
  version "4.0.5"
  resolved "https://artifacts.chemaxon.com:443/artifactory/api/npm/npm-release/micromatch/-/micromatch-4.0.5.tgz#bc8999a7cbbf77cdc89f132f6e467051b49090c6"
  integrity sha512-DMy+ERcEW2q8Z2Po+WNXuw3c5YaUSFjAO5GsJqfEl7UjvtIuFKO6ZrKvcItdy98dwFI2N1tg3zNIdKaQT+aNdA==
  dependencies:
    braces "^3.0.2"
    picomatch "^2.3.1"

ngcomponent@^4.1.0:
  version "4.1.0"
  resolved "https://artifacts.chemaxon.com:443/artifactory/api/npm/npm-release/ngcomponent/-/ngcomponent-4.1.0.tgz#793e379138f552ea0cd2c767ad0aa7057678e228"
  integrity sha512-cGL3iVoqMWTpCfaIwgRKhdaGqiy2Z+CCG0cVfjlBvdqE8saj8xap9B4OTf+qwObxLVZmDTJPDgx3bN6Q/lZ7BQ==
  dependencies:
    "@types/angular" "^1.6.39"
    "@types/lodash" "^4.14.85"
    angular ">=1.5.0"
    lodash "^4.17.4"

picomatch@^2.3.1:
  version "2.3.1"
  resolved "https://artifacts.chemaxon.com:443/artifactory/api/npm/npm-release/picomatch/-/picomatch-2.3.1.tgz#3ba3833733646d9d3e4995946c1365a67fb07a42"
  integrity sha512-JU3teHTNjmE2VCGFzuY8EXzCDVwEqB2a8fsIvwaStHhAWJEeVd1o1QD80CU6+ZdEXXSLbSsuLwJjkCBWqRQUVA==

queue-microtask@^1.2.2:
  version "1.2.3"
  resolved "https://artifacts.chemaxon.com:443/artifactory/api/npm/npm-release/queue-microtask/-/queue-microtask-1.2.3.tgz#4929228bbc724dfac43e0efb058caf7b6cfb6243"
  integrity sha512-NuaNSa6flKT5JaSYQzJok04JzTL1CA6aGhv5rfLW3PgqA+M2ChpZQnAC8h8i4ZFkBS8X5RqkDBHA7r4hej3K9A==

react-dom@^18.1.0:
  version "18.1.0"
  resolved "https://artifacts.chemaxon.com:443/artifactory/api/npm/npm-release/react-dom/-/react-dom-18.1.0.tgz#7f6dd84b706408adde05e1df575b3a024d7e8a2f"
  integrity sha512-fU1Txz7Budmvamp7bshe4Zi32d0ll7ect+ccxNu9FlObT605GOEB8BfO4tmRJ39R5Zj831VCpvQ05QPBW5yb+w==
  dependencies:
    loose-envify "^1.1.0"
    scheduler "^0.22.0"

react@^18.1.0:
  version "18.1.0"
  resolved "https://artifacts.chemaxon.com:443/artifactory/api/npm/npm-release/react/-/react-18.1.0.tgz#6f8620382decb17fdc5cc223a115e2adbf104890"
  integrity sha512-4oL8ivCz5ZEPyclFQXaNksK3adutVS8l2xzZU0cqEFrE9Sb7fC0EFK5uEk74wIreL1DERyjvsU915j1pcT2uEQ==
  dependencies:
    loose-envify "^1.1.0"

reusify@^1.0.4:
  version "1.0.4"
  resolved "https://artifacts.chemaxon.com:443/artifactory/api/npm/npm-release/reusify/-/reusify-1.0.4.tgz#90da382b1e126efc02146e90845a88db12925d76"
  integrity sha512-U9nH88a3fc/ekCF1l0/UP1IosiuIjyTh7hBvXVMHYgVcfGvt897Xguj2UOLDeI5BG2m7/uwyaLVT6fbtCwTyzw==

run-parallel@^1.1.9:
  version "1.2.0"
  resolved "https://artifacts.chemaxon.com:443/artifactory/api/npm/npm-release/run-parallel/-/run-parallel-1.2.0.tgz#66d1368da7bdf921eb9d95bd1a9229e7f21a43ee"
  integrity sha512-5l4VyZR86LZ/lDxZTR6jqL8AFE2S0IFLMP26AbjsLVADxHdhB/c0GUsH+y39UfCi3dzz8OlQuPmnaJOMoDHQBA==
  dependencies:
    queue-microtask "^1.2.2"

scheduler@^0.22.0:
  version "0.22.0"
  resolved "https://artifacts.chemaxon.com:443/artifactory/api/npm/npm-release/scheduler/-/scheduler-0.22.0.tgz#83a5d63594edf074add9a7198b1bae76c3db01b8"
  integrity sha512-6QAm1BgQI88NPYymgGQLCZgvep4FyePDWFpXVK+zNSUgHwlqpJy8VEh8Et0KxTACS4VWwMousBElAZOH9nkkoQ==
  dependencies:
    loose-envify "^1.1.0"

slash@3.0.0:
  version "3.0.0"
  resolved "https://artifacts.chemaxon.com:443/artifactory/api/npm/npm-release/slash/-/slash-3.0.0.tgz#6539be870c165adbd5240220dbe361f1bc4d4634"
  integrity sha512-g9Q1haeby36OSStwb4ntCGGGaKsaVSjQ68fBxoQcutl5fS1vuY18H3wSt3jFyFtrkx+Kz0V1G85A4MyAdDMi2Q==

source-map@^0.7.3:
  version "0.7.4"
  resolved "https://artifacts.chemaxon.com:443/artifactory/api/npm/npm-release/source-map/-/source-map-0.7.4.tgz#a9bbe705c9d8846f4e08ff6765acf0f1b0898656"
  integrity sha512-l3BikUxvPOcn5E74dZiq5BGsTb5yEwhaTSzccU6t4sDOH8NWJCstKO5QT2CvtFoK6F0saL7p9xHAqHOlCPJygA==

to-regex-range@^5.0.1:
  version "5.0.1"
  resolved "https://artifacts.chemaxon.com:443/artifactory/api/npm/npm-release/to-regex-range/-/to-regex-range-5.0.1.tgz#1648c44aae7c8d988a326018ed72f5b4dd0392e4"
  integrity sha512-65P7iz6X5yEr1cwcgvQxbbIw7Uk3gOy5dIdtZ4rDveLqhrdJP+Li/Hx6tyK0NEb+2GCyneCMJiGqrADCSNk8sQ==
  dependencies:
    is-number "^7.0.0"
